
Microsoft Visual Studio Solution File, Format Version 12.00
# Visual Studio 15
VisualStudioVersion = 15.0.27703.2035
MinimumVisualStudioVersion = 10.0.40219.1
Project("{FAE04EC0-301F-11D3-BF4B-00C04F79EFBC}") = "SalesTaxes.Console", "SalesTaxes.Console\SalesTaxes.Console.csproj", "{8ED04069-912F-431B-81A0-A9766328D9BE}"
EndProject
Project("{FAE04EC0-301F-11D3-BF4B-00C04F79EFBC}") = "SalesTaxes.Fixtures", "SalesTaxes.Fixtures\SalesTaxes.Fixtures.csproj", "{36D0A53E-D804-48DE-84F1-1BC091B7210B}"
EndProject
Project("{FAE04EC0-301F-11D3-BF4B-00C04F79EFBC}") = "SalesTaxes.Model", "SalesTaxes.Model\SalesTaxes.Model.csproj", "{DAD75A88-1061-45FC-9C9B-2B87C459C93F}"
EndProject
Global
	GlobalSection(SolutionConfigurationPlatforms) = preSolution
		Debug|Any CPU = Debug|Any CPU
		Release|Any CPU = Release|Any CPU
	EndGlobalSection
	GlobalSection(ProjectConfigurationPlatforms) = postSolution
		{8ED04069-912F-431B-81A0-A9766328D9BE}.Debug|Any CPU.ActiveCfg = Debug|Any CPU
		{8ED04069-912F-431B-81A0-A9766328D9BE}.Debug|Any CPU.Build.0 = Debug|Any CPU
		{8ED04069-912F-431B-81A0-A9766328D9BE}.Release|Any CPU.ActiveCfg = Release|Any CPU
		{8ED04069-912F-431B-81A0-A9766328D9BE}.Release|Any CPU.Build.0 = Release|Any CPU
		{36D0A53E-D804-48DE-84F1-1BC091B7210B}.Debug|Any CPU.ActiveCfg = Debug|Any CPU
		{36D0A53E-D804-48DE-84F1-1BC091B7210B}.Debug|Any CPU.Build.0 = Debug|Any CPU
		{36D0A53E-D804-48DE-84F1-1BC091B7210B}.Release|Any CPU.ActiveCfg = Release|Any CPU
		{36D0A53E-D804-48DE-84F1-1BC091B7210B}.Release|Any CPU.Build.0 = Release|Any CPU
		{DAD75A88-1061-45FC-9C9B-2B87C459C93F}.Debug|Any CPU.ActiveCfg = Debug|Any CPU
		{DAD75A88-1061-45FC-9C9B-2B87C459C93F}.Debug|Any CPU.Build.0 = Debug|Any CPU
		{DAD75A88-1061-45FC-9C9B-2B87C459C93F}.Release|Any CPU.ActiveCfg = Release|Any CPU
		{DAD75A88-1061-45FC-9C9B-2B87C459C93F}.Release|Any CPU.Build.0 = Release|Any CPU
	EndGlobalSection
	GlobalSection(SolutionProperties) = preSolution
		HideSolutionNode = FALSE
	EndGlobalSection
	GlobalSection(ExtensibilityGlobals) = postSolution
		SolutionGuid = {48610767-F3ED-4BD5-83BD-8E09294F952F}
	EndGlobalSection
EndGlobal
